
Microsoft Visual Studio Solution File, Format Version 12.00
# Visual Studio 15
VisualStudioVersion = 15.0.28307.902
MinimumVisualStudioVersion = 10.0.40219.1
Project("{FAE04EC0-301F-11D3-BF4B-00C04F79EFBC}") = "_02Uzduotis", "_02Uzduotis\_02Uzduotis.csproj", "{8046445C-CE52-4363-BCC4-58CA31A376D3}"
EndProject
Global
	GlobalSection(SolutionConfigurationPlatforms) = preSolution
		Debug|Any CPU = Debug|Any CPU
		Release|Any CPU = Release|Any CPU
	EndGlobalSection
	GlobalSection(ProjectConfigurationPlatforms) = postSolution
		{8046445C-CE52-4363-BCC4-58CA31A376D3}.Debug|Any CPU.ActiveCfg = Debug|Any CPU
		{8046445C-CE52-4363-BCC4-58CA31A376D3}.Debug|Any CPU.Build.0 = Debug|Any CPU
		{8046445C-CE52-4363-BCC4-58CA31A376D3}.Release|Any CPU.ActiveCfg = Release|Any CPU
		{8046445C-CE52-4363-BCC4-58CA31A376D3}.Release|Any CPU.Build.0 = Release|Any CPU
	EndGlobalSection
	GlobalSection(SolutionProperties) = preSolution
		HideSolutionNode = FALSE
	EndGlobalSection
	GlobalSection(ExtensibilityGlobals) = postSolution
		SolutionGuid = {6CD39CB5-BECE-4EA5-A47D-84BCE7DC7F87}
	EndGlobalSection
EndGlobal
